// !$*UTF8*$!
{
	archiveVersion = 1;
	classes = {
	};
	objectVersion = 46;
	objects = {

/* Begin PBXBuildFile section */
		CC2E19081C31130600EA49AF /* ExerciseDetailTableViewController.m in Sources */ = {isa = PBXBuildFile; fileRef = CC2E19071C31130600EA49AF /* ExerciseDetailTableViewController.m */; };
		CC2E190A1C31E2CA00EA49AF /* WatchConnectivity.framework in Frameworks */ = {isa = PBXBuildFile; fileRef = CC2E19091C31E2CA00EA49AF /* WatchConnectivity.framework */; };
		CC2E19281C32EA7300EA49AF /* CalendarViewController.m in Sources */ = {isa = PBXBuildFile; fileRef = CC2E19271C32EA7300EA49AF /* CalendarViewController.m */; };
		CC2E193B1C32EE6F00EA49AF /* NSCalendar+RSDFAdditions.m in Sources */ = {isa = PBXBuildFile; fileRef = CC2E192B1C32EE6F00EA49AF /* NSCalendar+RSDFAdditions.m */; };
		CC2E193C1C32EE6F00EA49AF /* RSDFDatePickerCollectionView.m in Sources */ = {isa = PBXBuildFile; fileRef = CC2E192E1C32EE6F00EA49AF /* RSDFDatePickerCollectionView.m */; };
		CC2E193D1C32EE6F00EA49AF /* RSDFDatePickerCollectionViewLayout.m in Sources */ = {isa = PBXBuildFile; fileRef = CC2E19301C32EE6F00EA49AF /* RSDFDatePickerCollectionViewLayout.m */; };
		CC2E193E1C32EE6F00EA49AF /* RSDFDatePickerDayCell.m in Sources */ = {isa = PBXBuildFile; fileRef = CC2E19331C32EE6F00EA49AF /* RSDFDatePickerDayCell.m */; };
		CC2E193F1C32EE6F00EA49AF /* RSDFDatePickerDaysOfWeekView.m in Sources */ = {isa = PBXBuildFile; fileRef = CC2E19351C32EE6F00EA49AF /* RSDFDatePickerDaysOfWeekView.m */; };
		CC2E19401C32EE6F00EA49AF /* RSDFDatePickerMonthHeader.m in Sources */ = {isa = PBXBuildFile; fileRef = CC2E19371C32EE6F00EA49AF /* RSDFDatePickerMonthHeader.m */; };
		CC2E19411C32EE6F00EA49AF /* RSDFDatePickerView.m in Sources */ = {isa = PBXBuildFile; fileRef = CC2E193A1C32EE6F00EA49AF /* RSDFDatePickerView.m */; };
		CC9DE4A31C25CC3E009DA0BD /* main.m in Sources */ = {isa = PBXBuildFile; fileRef = CC9DE4A21C25CC3E009DA0BD /* main.m */; };
		CC9DE4A61C25CC3E009DA0BD /* AppDelegate.m in Sources */ = {isa = PBXBuildFile; fileRef = CC9DE4A51C25CC3E009DA0BD /* AppDelegate.m */; };
		CC9DE4AC1C25CC3E009DA0BD /* Main.storyboard in Resources */ = {isa = PBXBuildFile; fileRef = CC9DE4AA1C25CC3E009DA0BD /* Main.storyboard */; };
		CC9DE4AF1C25CC3E009DA0BD /* Reps.xcdatamodeld in Sources */ = {isa = PBXBuildFile; fileRef = CC9DE4AD1C25CC3E009DA0BD /* Reps.xcdatamodeld */; };
		CC9DE4B11C25CC3E009DA0BD /* Assets.xcassets in Resources */ = {isa = PBXBuildFile; fileRef = CC9DE4B01C25CC3E009DA0BD /* Assets.xcassets */; };
		CC9DE4B41C25CC3E009DA0BD /* LaunchScreen.storyboard in Resources */ = {isa = PBXBuildFile; fileRef = CC9DE4B21C25CC3E009DA0BD /* LaunchScreen.storyboard */; };
		CC9DE4BF1C25CC3E009DA0BD /* RepsTests.m in Sources */ = {isa = PBXBuildFile; fileRef = CC9DE4BE1C25CC3E009DA0BD /* RepsTests.m */; };
		CC9DE4CA1C25CC3E009DA0BD /* RepsUITests.m in Sources */ = {isa = PBXBuildFile; fileRef = CC9DE4C91C25CC3E009DA0BD /* RepsUITests.m */; };
		CC9DE4DB1C265CE2009DA0BD /* Exercise+CoreDataProperties.m in Sources */ = {isa = PBXBuildFile; fileRef = CC9DE4D81C265CE2009DA0BD /* Exercise+CoreDataProperties.m */; };
		CC9DE4DC1C265CE2009DA0BD /* Exercise.m in Sources */ = {isa = PBXBuildFile; fileRef = CC9DE4DA1C265CE2009DA0BD /* Exercise.m */; };
		CC9DE4ED1C2735C4009DA0BD /* MuscleGroup+CoreDataProperties.m in Sources */ = {isa = PBXBuildFile; fileRef = CC9DE4DE1C2735C4009DA0BD /* MuscleGroup+CoreDataProperties.m */; };
		CC9DE4EE1C2735C4009DA0BD /* MuscleGroup.m in Sources */ = {isa = PBXBuildFile; fileRef = CC9DE4E01C2735C4009DA0BD /* MuscleGroup.m */; };
		CC9DE4EF1C2735C4009DA0BD /* Routine+CoreDataProperties.m in Sources */ = {isa = PBXBuildFile; fileRef = CC9DE4E21C2735C4009DA0BD /* Routine+CoreDataProperties.m */; };
		CC9DE4F01C2735C4009DA0BD /* Routine.m in Sources */ = {isa = PBXBuildFile; fileRef = CC9DE4E41C2735C4009DA0BD /* Routine.m */; };
		CC9DE4F11C2735C4009DA0BD /* BodyArea+CoreDataProperties.m in Sources */ = {isa = PBXBuildFile; fileRef = CC9DE4E61C2735C4009DA0BD /* BodyArea+CoreDataProperties.m */; };
		CC9DE4F21C2735C4009DA0BD /* BodyArea.m in Sources */ = {isa = PBXBuildFile; fileRef = CC9DE4E81C2735C4009DA0BD /* BodyArea.m */; };
		CC9DE4F31C2735C4009DA0BD /* Set+CoreDataProperties.m in Sources */ = {isa = PBXBuildFile; fileRef = CC9DE4EA1C2735C4009DA0BD /* Set+CoreDataProperties.m */; };
		CC9DE4F41C2735C4009DA0BD /* Set.m in Sources */ = {isa = PBXBuildFile; fileRef = CC9DE4EC1C2735C4009DA0BD /* Set.m */; };
		CC9DE4FA1C275CCE009DA0BD /* ExerciseTableViewController.m in Sources */ = {isa = PBXBuildFile; fileRef = CC9DE4F81C275CCE009DA0BD /* ExerciseTableViewController.m */; };
		CC9DE56B1C279546009DA0BD /* seed.sqlite in Resources */ = {isa = PBXBuildFile; fileRef = CC9DE56A1C279546009DA0BD /* seed.sqlite */; };
/* End PBXBuildFile section */

/* Begin PBXContainerItemProxy section */
		CC9DE4BB1C25CC3E009DA0BD /* PBXContainerItemProxy */ = {
			isa = PBXContainerItemProxy;
			containerPortal = CC9DE4961C25CC3E009DA0BD /* Project object */;
			proxyType = 1;
			remoteGlobalIDString = CC9DE49D1C25CC3E009DA0BD;
			remoteInfo = Reps;
		};
		CC9DE4C61C25CC3E009DA0BD /* PBXContainerItemProxy */ = {
			isa = PBXContainerItemProxy;
			containerPortal = CC9DE4961C25CC3E009DA0BD /* Project object */;
			proxyType = 1;
			remoteGlobalIDString = CC9DE49D1C25CC3E009DA0BD;
			remoteInfo = Reps;
		};
/* End PBXContainerItemProxy section */

/* Begin PBXCopyFilesBuildPhase section */
		CC2E18941C2DDDED00EA49AF /* Embed Watch Content */ = {
			isa = PBXCopyFilesBuildPhase;
			buildActionMask = 2147483647;
			dstPath = "$(CONTENTS_FOLDER_PATH)/Watch";
			dstSubfolderSpec = 16;
			files = (
			);
			name = "Embed Watch Content";
			runOnlyForDeploymentPostprocessing = 0;
		};
/* End PBXCopyFilesBuildPhase section */

/* Begin PBXFileReference section */
		CC2E19061C31130600EA49AF /* ExerciseDetailTableViewController.h */ = {isa = PBXFileReference; fileEncoding = 4; lastKnownFileType = sourcecode.c.h; path = ExerciseDetailTableViewController.h; sourceTree = "<group>"; };
		CC2E19071C31130600EA49AF /* ExerciseDetailTableViewController.m */ = {isa = PBXFileReference; fileEncoding = 4; lastKnownFileType = sourcecode.c.objc; path = ExerciseDetailTableViewController.m; sourceTree = "<group>"; };
		CC2E19091C31E2CA00EA49AF /* WatchConnectivity.framework */ = {isa = PBXFileReference; lastKnownFileType = wrapper.framework; name = WatchConnectivity.framework; path = System/Library/Frameworks/WatchConnectivity.framework; sourceTree = SDKROOT; };
		CC2E19261C32EA7300EA49AF /* CalendarViewController.h */ = {isa = PBXFileReference; fileEncoding = 4; lastKnownFileType = sourcecode.c.h; path = CalendarViewController.h; sourceTree = "<group>"; };
		CC2E19271C32EA7300EA49AF /* CalendarViewController.m */ = {isa = PBXFileReference; fileEncoding = 4; lastKnownFileType = sourcecode.c.objc; path = CalendarViewController.m; sourceTree = "<group>"; };
		CC2E192A1C32EE6F00EA49AF /* NSCalendar+RSDFAdditions.h */ = {isa = PBXFileReference; fileEncoding = 4; lastKnownFileType = sourcecode.c.h; path = "NSCalendar+RSDFAdditions.h"; sourceTree = "<group>"; };
		CC2E192B1C32EE6F00EA49AF /* NSCalendar+RSDFAdditions.m */ = {isa = PBXFileReference; fileEncoding = 4; lastKnownFileType = sourcecode.c.objc; path = "NSCalendar+RSDFAdditions.m"; sourceTree = "<group>"; };
		CC2E192C1C32EE6F00EA49AF /* RSDayFlow.h */ = {isa = PBXFileReference; fileEncoding = 4; lastKnownFileType = sourcecode.c.h; path = RSDayFlow.h; sourceTree = "<group>"; };
		CC2E192D1C32EE6F00EA49AF /* RSDFDatePickerCollectionView.h */ = {isa = PBXFileReference; fileEncoding = 4; lastKnownFileType = sourcecode.c.h; path = RSDFDatePickerCollectionView.h; sourceTree = "<group>"; };
		CC2E192E1C32EE6F00EA49AF /* RSDFDatePickerCollectionView.m */ = {isa = PBXFileReference; fileEncoding = 4; lastKnownFileType = sourcecode.c.objc; path = RSDFDatePickerCollectionView.m; sourceTree = "<group>"; };
		CC2E192F1C32EE6F00EA49AF /* RSDFDatePickerCollectionViewLayout.h */ = {isa = PBXFileReference; fileEncoding = 4; lastKnownFileType = sourcecode.c.h; path = RSDFDatePickerCollectionViewLayout.h; sourceTree = "<group>"; };
		CC2E19301C32EE6F00EA49AF /* RSDFDatePickerCollectionViewLayout.m */ = {isa = PBXFileReference; fileEncoding = 4; lastKnownFileType = sourcecode.c.objc; path = RSDFDatePickerCollectionViewLayout.m; sourceTree = "<group>"; };
		CC2E19311C32EE6F00EA49AF /* RSDFDatePickerDate.h */ = {isa = PBXFileReference; fileEncoding = 4; lastKnownFileType = sourcecode.c.h; path = RSDFDatePickerDate.h; sourceTree = "<group>"; };
		CC2E19321C32EE6F00EA49AF /* RSDFDatePickerDayCell.h */ = {isa = PBXFileReference; fileEncoding = 4; lastKnownFileType = sourcecode.c.h; path = RSDFDatePickerDayCell.h; sourceTree = "<group>"; };
		CC2E19331C32EE6F00EA49AF /* RSDFDatePickerDayCell.m */ = {isa = PBXFileReference; fileEncoding = 4; lastKnownFileType = sourcecode.c.objc; path = RSDFDatePickerDayCell.m; sourceTree = "<group>"; };
		CC2E19341C32EE6F00EA49AF /* RSDFDatePickerDaysOfWeekView.h */ = {isa = PBXFileReference; fileEncoding = 4; lastKnownFileType = sourcecode.c.h; path = RSDFDatePickerDaysOfWeekView.h; sourceTree = "<group>"; };
		CC2E19351C32EE6F00EA49AF /* RSDFDatePickerDaysOfWeekView.m */ = {isa = PBXFileReference; fileEncoding = 4; lastKnownFileType = sourcecode.c.objc; path = RSDFDatePickerDaysOfWeekView.m; sourceTree = "<group>"; };
		CC2E19361C32EE6F00EA49AF /* RSDFDatePickerMonthHeader.h */ = {isa = PBXFileReference; fileEncoding = 4; lastKnownFileType = sourcecode.c.h; path = RSDFDatePickerMonthHeader.h; sourceTree = "<group>"; };
		CC2E19371C32EE6F00EA49AF /* RSDFDatePickerMonthHeader.m */ = {isa = PBXFileReference; fileEncoding = 4; lastKnownFileType = sourcecode.c.objc; path = RSDFDatePickerMonthHeader.m; sourceTree = "<group>"; };
		CC2E19381C32EE6F00EA49AF /* RSDFDatePickerView+Protected.h */ = {isa = PBXFileReference; fileEncoding = 4; lastKnownFileType = sourcecode.c.h; path = "RSDFDatePickerView+Protected.h"; sourceTree = "<group>"; };
		CC2E19391C32EE6F00EA49AF /* RSDFDatePickerView.h */ = {isa = PBXFileReference; fileEncoding = 4; lastKnownFileType = sourcecode.c.h; path = RSDFDatePickerView.h; sourceTree = "<group>"; };
		CC2E193A1C32EE6F00EA49AF /* RSDFDatePickerView.m */ = {isa = PBXFileReference; fileEncoding = 4; lastKnownFileType = sourcecode.c.objc; path = RSDFDatePickerView.m; sourceTree = "<group>"; };
		CC9DE49E1C25CC3E009DA0BD /* Reps.app */ = {isa = PBXFileReference; explicitFileType = wrapper.application; includeInIndex = 0; path = Reps.app; sourceTree = BUILT_PRODUCTS_DIR; };
		CC9DE4A21C25CC3E009DA0BD /* main.m */ = {isa = PBXFileReference; lastKnownFileType = sourcecode.c.objc; path = main.m; sourceTree = "<group>"; };
		CC9DE4A41C25CC3E009DA0BD /* AppDelegate.h */ = {isa = PBXFileReference; lastKnownFileType = sourcecode.c.h; path = AppDelegate.h; sourceTree = "<group>"; };
		CC9DE4A51C25CC3E009DA0BD /* AppDelegate.m */ = {isa = PBXFileReference; lastKnownFileType = sourcecode.c.objc; path = AppDelegate.m; sourceTree = "<group>"; };
		CC9DE4AB1C25CC3E009DA0BD /* Base */ = {isa = PBXFileReference; lastKnownFileType = file.storyboard; name = Base; path = Base.lproj/Main.storyboard; sourceTree = "<group>"; };
		CC9DE4AE1C25CC3E009DA0BD /* Reps.xcdatamodel */ = {isa = PBXFileReference; lastKnownFileType = wrapper.xcdatamodel; path = Reps.xcdatamodel; sourceTree = "<group>"; };
		CC9DE4B01C25CC3E009DA0BD /* Assets.xcassets */ = {isa = PBXFileReference; lastKnownFileType = folder.assetcatalog; path = Assets.xcassets; sourceTree = "<group>"; };
		CC9DE4B31C25CC3E009DA0BD /* Base */ = {isa = PBXFileReference; lastKnownFileType = file.storyboard; name = Base; path = Base.lproj/LaunchScreen.storyboard; sourceTree = "<group>"; };
		CC9DE4B51C25CC3E009DA0BD /* Info.plist */ = {isa = PBXFileReference; lastKnownFileType = text.plist.xml; path = Info.plist; sourceTree = "<group>"; };
		CC9DE4BA1C25CC3E009DA0BD /* RepsTests.xctest */ = {isa = PBXFileReference; explicitFileType = wrapper.cfbundle; includeInIndex = 0; path = RepsTests.xctest; sourceTree = BUILT_PRODUCTS_DIR; };
		CC9DE4BE1C25CC3E009DA0BD /* RepsTests.m */ = {isa = PBXFileReference; lastKnownFileType = sourcecode.c.objc; path = RepsTests.m; sourceTree = "<group>"; };
		CC9DE4C01C25CC3E009DA0BD /* Info.plist */ = {isa = PBXFileReference; lastKnownFileType = text.plist.xml; path = Info.plist; sourceTree = "<group>"; };
		CC9DE4C51C25CC3E009DA0BD /* RepsUITests.xctest */ = {isa = PBXFileReference; explicitFileType = wrapper.cfbundle; includeInIndex = 0; path = RepsUITests.xctest; sourceTree = BUILT_PRODUCTS_DIR; };
		CC9DE4C91C25CC3E009DA0BD /* RepsUITests.m */ = {isa = PBXFileReference; lastKnownFileType = sourcecode.c.objc; path = RepsUITests.m; sourceTree = "<group>"; };
		CC9DE4CB1C25CC3E009DA0BD /* Info.plist */ = {isa = PBXFileReference; lastKnownFileType = text.plist.xml; path = Info.plist; sourceTree = "<group>"; };
		CC9DE4D71C265CE2009DA0BD /* Exercise+CoreDataProperties.h */ = {isa = PBXFileReference; fileEncoding = 4; lastKnownFileType = sourcecode.c.h; path = "Exercise+CoreDataProperties.h"; sourceTree = "<group>"; };
		CC9DE4D81C265CE2009DA0BD /* Exercise+CoreDataProperties.m */ = {isa = PBXFileReference; fileEncoding = 4; lastKnownFileType = sourcecode.c.objc; path = "Exercise+CoreDataProperties.m"; sourceTree = "<group>"; };
		CC9DE4D91C265CE2009DA0BD /* Exercise.h */ = {isa = PBXFileReference; fileEncoding = 4; lastKnownFileType = sourcecode.c.h; path = Exercise.h; sourceTree = "<group>"; };
		CC9DE4DA1C265CE2009DA0BD /* Exercise.m */ = {isa = PBXFileReference; fileEncoding = 4; lastKnownFileType = sourcecode.c.objc; path = Exercise.m; sourceTree = "<group>"; };
		CC9DE4DD1C2735C4009DA0BD /* MuscleGroup+CoreDataProperties.h */ = {isa = PBXFileReference; fileEncoding = 4; lastKnownFileType = sourcecode.c.h; name = "MuscleGroup+CoreDataProperties.h"; path = "../MuscleGroup+CoreDataProperties.h"; sourceTree = "<group>"; };
		CC9DE4DE1C2735C4009DA0BD /* MuscleGroup+CoreDataProperties.m */ = {isa = PBXFileReference; fileEncoding = 4; lastKnownFileType = sourcecode.c.objc; name = "MuscleGroup+CoreDataProperties.m"; path = "../MuscleGroup+CoreDataProperties.m"; sourceTree = "<group>"; };
		CC9DE4DF1C2735C4009DA0BD /* MuscleGroup.h */ = {isa = PBXFileReference; fileEncoding = 4; lastKnownFileType = sourcecode.c.h; name = MuscleGroup.h; path = ../MuscleGroup.h; sourceTree = "<group>"; };
		CC9DE4E01C2735C4009DA0BD /* MuscleGroup.m */ = {isa = PBXFileReference; fileEncoding = 4; lastKnownFileType = sourcecode.c.objc; name = MuscleGroup.m; path = ../MuscleGroup.m; sourceTree = "<group>"; };
		CC9DE4E11C2735C4009DA0BD /* Routine+CoreDataProperties.h */ = {isa = PBXFileReference; fileEncoding = 4; lastKnownFileType = sourcecode.c.h; name = "Routine+CoreDataProperties.h"; path = "../Routine+CoreDataProperties.h"; sourceTree = "<group>"; };
		CC9DE4E21C2735C4009DA0BD /* Routine+CoreDataProperties.m */ = {isa = PBXFileReference; fileEncoding = 4; lastKnownFileType = sourcecode.c.objc; name = "Routine+CoreDataProperties.m"; path = "../Routine+CoreDataProperties.m"; sourceTree = "<group>"; };
		CC9DE4E31C2735C4009DA0BD /* Routine.h */ = {isa = PBXFileReference; fileEncoding = 4; lastKnownFileType = sourcecode.c.h; name = Routine.h; path = ../Routine.h; sourceTree = "<group>"; };
		CC9DE4E41C2735C4009DA0BD /* Routine.m */ = {isa = PBXFileReference; fileEncoding = 4; lastKnownFileType = sourcecode.c.objc; name = Routine.m; path = ../Routine.m; sourceTree = "<group>"; };
		CC9DE4E51C2735C4009DA0BD /* BodyArea+CoreDataProperties.h */ = {isa = PBXFileReference; fileEncoding = 4; lastKnownFileType = sourcecode.c.h; name = "BodyArea+CoreDataProperties.h"; path = "../BodyArea+CoreDataProperties.h"; sourceTree = "<group>"; };
		CC9DE4E61C2735C4009DA0BD /* BodyArea+CoreDataProperties.m */ = {isa = PBXFileReference; fileEncoding = 4; lastKnownFileType = sourcecode.c.objc; name = "BodyArea+CoreDataProperties.m"; path = "../BodyArea+CoreDataProperties.m"; sourceTree = "<group>"; };
		CC9DE4E71C2735C4009DA0BD /* BodyArea.h */ = {isa = PBXFileReference; fileEncoding = 4; lastKnownFileType = sourcecode.c.h; name = BodyArea.h; path = ../BodyArea.h; sourceTree = "<group>"; };
		CC9DE4E81C2735C4009DA0BD /* BodyArea.m */ = {isa = PBXFileReference; fileEncoding = 4; lastKnownFileType = sourcecode.c.objc; name = BodyArea.m; path = ../BodyArea.m; sourceTree = "<group>"; };
		CC9DE4E91C2735C4009DA0BD /* Set+CoreDataProperties.h */ = {isa = PBXFileReference; fileEncoding = 4; lastKnownFileType = sourcecode.c.h; name = "Set+CoreDataProperties.h"; path = "../Set+CoreDataProperties.h"; sourceTree = "<group>"; };
		CC9DE4EA1C2735C4009DA0BD /* Set+CoreDataProperties.m */ = {isa = PBXFileReference; fileEncoding = 4; lastKnownFileType = sourcecode.c.objc; name = "Set+CoreDataProperties.m"; path = "../Set+CoreDataProperties.m"; sourceTree = "<group>"; };
		CC9DE4EB1C2735C4009DA0BD /* Set.h */ = {isa = PBXFileReference; fileEncoding = 4; lastKnownFileType = sourcecode.c.h; name = Set.h; path = ../Set.h; sourceTree = "<group>"; };
		CC9DE4EC1C2735C4009DA0BD /* Set.m */ = {isa = PBXFileReference; fileEncoding = 4; lastKnownFileType = sourcecode.c.objc; name = Set.m; path = ../Set.m; sourceTree = "<group>"; };
		CC9DE4F71C275CCE009DA0BD /* ExerciseTableViewController.h */ = {isa = PBXFileReference; fileEncoding = 4; lastKnownFileType = sourcecode.c.h; path = ExerciseTableViewController.h; sourceTree = "<group>"; };
		CC9DE4F81C275CCE009DA0BD /* ExerciseTableViewController.m */ = {isa = PBXFileReference; fileEncoding = 4; lastKnownFileType = sourcecode.c.objc; path = ExerciseTableViewController.m; sourceTree = "<group>"; };
		CC9DE56A1C279546009DA0BD /* seed.sqlite */ = {isa = PBXFileReference; lastKnownFileType = file; path = seed.sqlite; sourceTree = "<group>"; };
/* End PBXFileReference section */

/* Begin PBXFrameworksBuildPhase section */
		CC9DE49B1C25CC3E009DA0BD /* Frameworks */ = {
			isa = PBXFrameworksBuildPhase;
			buildActionMask = 2147483647;
			files = (
				CC2E190A1C31E2CA00EA49AF /* WatchConnectivity.framework in Frameworks */,
			);
			runOnlyForDeploymentPostprocessing = 0;
		};
		CC9DE4B71C25CC3E009DA0BD /* Frameworks */ = {
			isa = PBXFrameworksBuildPhase;
			buildActionMask = 2147483647;
			files = (
			);
			runOnlyForDeploymentPostprocessing = 0;
		};
		CC9DE4C21C25CC3E009DA0BD /* Frameworks */ = {
			isa = PBXFrameworksBuildPhase;
			buildActionMask = 2147483647;
			files = (
			);
			runOnlyForDeploymentPostprocessing = 0;
		};
/* End PBXFrameworksBuildPhase section */

/* Begin PBXGroup section */
		CC2E19291C32EE6F00EA49AF /* RSDayFlow */ = {
			isa = PBXGroup;
			children = (
				CC2E192A1C32EE6F00EA49AF /* NSCalendar+RSDFAdditions.h */,
				CC2E192B1C32EE6F00EA49AF /* NSCalendar+RSDFAdditions.m */,
				CC2E192C1C32EE6F00EA49AF /* RSDayFlow.h */,
				CC2E192D1C32EE6F00EA49AF /* RSDFDatePickerCollectionView.h */,
				CC2E192E1C32EE6F00EA49AF /* RSDFDatePickerCollectionView.m */,
				CC2E192F1C32EE6F00EA49AF /* RSDFDatePickerCollectionViewLayout.h */,
				CC2E19301C32EE6F00EA49AF /* RSDFDatePickerCollectionViewLayout.m */,
				CC2E19311C32EE6F00EA49AF /* RSDFDatePickerDate.h */,
				CC2E19321C32EE6F00EA49AF /* RSDFDatePickerDayCell.h */,
				CC2E19331C32EE6F00EA49AF /* RSDFDatePickerDayCell.m */,
				CC2E19341C32EE6F00EA49AF /* RSDFDatePickerDaysOfWeekView.h */,
				CC2E19351C32EE6F00EA49AF /* RSDFDatePickerDaysOfWeekView.m */,
				CC2E19361C32EE6F00EA49AF /* RSDFDatePickerMonthHeader.h */,
				CC2E19371C32EE6F00EA49AF /* RSDFDatePickerMonthHeader.m */,
				CC2E19381C32EE6F00EA49AF /* RSDFDatePickerView+Protected.h */,
				CC2E19391C32EE6F00EA49AF /* RSDFDatePickerView.h */,
				CC2E193A1C32EE6F00EA49AF /* RSDFDatePickerView.m */,
			);
			name = RSDayFlow;
			path = ../RSDayFlow;
			sourceTree = "<group>";
		};
		CC9DE4951C25CC3E009DA0BD = {
			isa = PBXGroup;
			children = (
				CC2E19091C31E2CA00EA49AF /* WatchConnectivity.framework */,
				CC9DE4A01C25CC3E009DA0BD /* Reps */,
				CC9DE4BD1C25CC3E009DA0BD /* RepsTests */,
				CC9DE4C81C25CC3E009DA0BD /* RepsUITests */,
				CC9DE49F1C25CC3E009DA0BD /* Products */,
			);
			sourceTree = "<group>";
		};
		CC9DE49F1C25CC3E009DA0BD /* Products */ = {
			isa = PBXGroup;
			children = (
				CC9DE49E1C25CC3E009DA0BD /* Reps.app */,
				CC9DE4BA1C25CC3E009DA0BD /* RepsTests.xctest */,
				CC9DE4C51C25CC3E009DA0BD /* RepsUITests.xctest */,
			);
			name = Products;
			sourceTree = "<group>";
		};
		CC9DE4A01C25CC3E009DA0BD /* Reps */ = {
			isa = PBXGroup;
			children = (
				CC2E19291C32EE6F00EA49AF /* RSDayFlow */,
				CC9DE4DD1C2735C4009DA0BD /* MuscleGroup+CoreDataProperties.h */,
				CC9DE4DE1C2735C4009DA0BD /* MuscleGroup+CoreDataProperties.m */,
				CC9DE4DF1C2735C4009DA0BD /* MuscleGroup.h */,
				CC9DE4E01C2735C4009DA0BD /* MuscleGroup.m */,
				CC9DE4E11C2735C4009DA0BD /* Routine+CoreDataProperties.h */,
				CC9DE4E21C2735C4009DA0BD /* Routine+CoreDataProperties.m */,
				CC9DE4E31C2735C4009DA0BD /* Routine.h */,
				CC9DE4E41C2735C4009DA0BD /* Routine.m */,
				CC9DE4E51C2735C4009DA0BD /* BodyArea+CoreDataProperties.h */,
				CC9DE4E61C2735C4009DA0BD /* BodyArea+CoreDataProperties.m */,
				CC9DE4E71C2735C4009DA0BD /* BodyArea.h */,
				CC9DE4E81C2735C4009DA0BD /* BodyArea.m */,
				CC9DE4E91C2735C4009DA0BD /* Set+CoreDataProperties.h */,
				CC9DE4EA1C2735C4009DA0BD /* Set+CoreDataProperties.m */,
				CC9DE4EB1C2735C4009DA0BD /* Set.h */,
				CC9DE4EC1C2735C4009DA0BD /* Set.m */,
				CC9DE4D71C265CE2009DA0BD /* Exercise+CoreDataProperties.h */,
				CC9DE4D81C265CE2009DA0BD /* Exercise+CoreDataProperties.m */,
				CC9DE4D91C265CE2009DA0BD /* Exercise.h */,
				CC9DE4DA1C265CE2009DA0BD /* Exercise.m */,
				CC9DE4A41C25CC3E009DA0BD /* AppDelegate.h */,
				CC9DE4A51C25CC3E009DA0BD /* AppDelegate.m */,
				CC9DE4F71C275CCE009DA0BD /* ExerciseTableViewController.h */,
				CC9DE4F81C275CCE009DA0BD /* ExerciseTableViewController.m */,
				CC9DE4AA1C25CC3E009DA0BD /* Main.storyboard */,
				CC2E19261C32EA7300EA49AF /* CalendarViewController.h */,
				CC2E19271C32EA7300EA49AF /* CalendarViewController.m */,
				CC2E19061C31130600EA49AF /* ExerciseDetailTableViewController.h */,
				CC2E19071C31130600EA49AF /* ExerciseDetailTableViewController.m */,
				CC9DE4B01C25CC3E009DA0BD /* Assets.xcassets */,
				CC9DE4B21C25CC3E009DA0BD /* LaunchScreen.storyboard */,
				CC9DE4B51C25CC3E009DA0BD /* Info.plist */,
				CC9DE4AD1C25CC3E009DA0BD /* Reps.xcdatamodeld */,
				CC9DE4A11C25CC3E009DA0BD /* Supporting Files */,
			);
			path = Reps;
			sourceTree = "<group>";
		};
		CC9DE4A11C25CC3E009DA0BD /* Supporting Files */ = {
			isa = PBXGroup;
			children = (
				CC9DE56A1C279546009DA0BD /* seed.sqlite */,
				CC9DE4A21C25CC3E009DA0BD /* main.m */,
			);
			name = "Supporting Files";
			sourceTree = "<group>";
		};
		CC9DE4BD1C25CC3E009DA0BD /* RepsTests */ = {
			isa = PBXGroup;
			children = (
				CC9DE4BE1C25CC3E009DA0BD /* RepsTests.m */,
				CC9DE4C01C25CC3E009DA0BD /* Info.plist */,
			);
			path = RepsTests;
			sourceTree = "<group>";
		};
		CC9DE4C81C25CC3E009DA0BD /* RepsUITests */ = {
			isa = PBXGroup;
			children = (
				CC9DE4C91C25CC3E009DA0BD /* RepsUITests.m */,
				CC9DE4CB1C25CC3E009DA0BD /* Info.plist */,
			);
			path = RepsUITests;
			sourceTree = "<group>";
		};
/* End PBXGroup section */

/* Begin PBXNativeTarget section */
		CC9DE49D1C25CC3E009DA0BD /* Reps */ = {
			isa = PBXNativeTarget;
			buildConfigurationList = CC9DE4CE1C25CC3E009DA0BD /* Build configuration list for PBXNativeTarget "Reps" */;
			buildPhases = (
				CC9DE49A1C25CC3E009DA0BD /* Sources */,
				CC9DE49B1C25CC3E009DA0BD /* Frameworks */,
				CC9DE49C1C25CC3E009DA0BD /* Resources */,
				CC2E18941C2DDDED00EA49AF /* Embed Watch Content */,
			);
			buildRules = (
			);
			dependencies = (
			);
			name = Reps;
			productName = Reps;
			productReference = CC9DE49E1C25CC3E009DA0BD /* Reps.app */;
			productType = "com.apple.product-type.application";
		};
		CC9DE4B91C25CC3E009DA0BD /* RepsTests */ = {
			isa = PBXNativeTarget;
			buildConfigurationList = CC9DE4D11C25CC3E009DA0BD /* Build configuration list for PBXNativeTarget "RepsTests" */;
			buildPhases = (
				CC9DE4B61C25CC3E009DA0BD /* Sources */,
				CC9DE4B71C25CC3E009DA0BD /* Frameworks */,
				CC9DE4B81C25CC3E009DA0BD /* Resources */,
			);
			buildRules = (
			);
			dependencies = (
				CC9DE4BC1C25CC3E009DA0BD /* PBXTargetDependency */,
			);
			name = RepsTests;
			productName = RepsTests;
			productReference = CC9DE4BA1C25CC3E009DA0BD /* RepsTests.xctest */;
			productType = "com.apple.product-type.bundle.unit-test";
		};
		CC9DE4C41C25CC3E009DA0BD /* RepsUITests */ = {
			isa = PBXNativeTarget;
			buildConfigurationList = CC9DE4D41C25CC3E009DA0BD /* Build configuration list for PBXNativeTarget "RepsUITests" */;
			buildPhases = (
				CC9DE4C11C25CC3E009DA0BD /* Sources */,
				CC9DE4C21C25CC3E009DA0BD /* Frameworks */,
				CC9DE4C31C25CC3E009DA0BD /* Resources */,
			);
			buildRules = (
			);
			dependencies = (
				CC9DE4C71C25CC3E009DA0BD /* PBXTargetDependency */,
			);
			name = RepsUITests;
			productName = RepsUITests;
			productReference = CC9DE4C51C25CC3E009DA0BD /* RepsUITests.xctest */;
			productType = "com.apple.product-type.bundle.ui-testing";
		};
/* End PBXNativeTarget section */

/* Begin PBXProject section */
		CC9DE4961C25CC3E009DA0BD /* Project object */ = {
			isa = PBXProject;
			attributes = {
				LastUpgradeCheck = 0720;
				ORGANIZATIONNAME = "Gabriel Carrillo";
				TargetAttributes = {
					CC9DE49D1C25CC3E009DA0BD = {
						CreatedOnToolsVersion = 7.2;
						DevelopmentTeam = U3TKWCN27S;
					};
					CC9DE4B91C25CC3E009DA0BD = {
						CreatedOnToolsVersion = 7.2;
						TestTargetID = CC9DE49D1C25CC3E009DA0BD;
					};
					CC9DE4C41C25CC3E009DA0BD = {
						CreatedOnToolsVersion = 7.2;
						TestTargetID = CC9DE49D1C25CC3E009DA0BD;
					};
				};
			};
			buildConfigurationList = CC9DE4991C25CC3E009DA0BD /* Build configuration list for PBXProject "Reps" */;
			compatibilityVersion = "Xcode 3.2";
			developmentRegion = English;
			hasScannedForEncodings = 0;
			knownRegions = (
				en,
				Base,
			);
			mainGroup = CC9DE4951C25CC3E009DA0BD;
			productRefGroup = CC9DE49F1C25CC3E009DA0BD /* Products */;
			projectDirPath = "";
			projectRoot = "";
			targets = (
				CC9DE49D1C25CC3E009DA0BD /* Reps */,
				CC9DE4B91C25CC3E009DA0BD /* RepsTests */,
				CC9DE4C41C25CC3E009DA0BD /* RepsUITests */,
			);
		};
/* End PBXProject section */

/* Begin PBXResourcesBuildPhase section */
		CC9DE49C1C25CC3E009DA0BD /* Resources */ = {
			isa = PBXResourcesBuildPhase;
			buildActionMask = 2147483647;
			files = (
				CC9DE56B1C279546009DA0BD /* seed.sqlite in Resources */,
				CC9DE4B41C25CC3E009DA0BD /* LaunchScreen.storyboard in Resources */,
				CC9DE4B11C25CC3E009DA0BD /* Assets.xcassets in Resources */,
				CC9DE4AC1C25CC3E009DA0BD /* Main.storyboard in Resources */,
			);
			runOnlyForDeploymentPostprocessing = 0;
		};
		CC9DE4B81C25CC3E009DA0BD /* Resources */ = {
			isa = PBXResourcesBuildPhase;
			buildActionMask = 2147483647;
			files = (
			);
			runOnlyForDeploymentPostprocessing = 0;
		};
		CC9DE4C31C25CC3E009DA0BD /* Resources */ = {
			isa = PBXResourcesBuildPhase;
			buildActionMask = 2147483647;
			files = (
			);
			runOnlyForDeploymentPostprocessing = 0;
		};
/* End PBXResourcesBuildPhase section */

/* Begin PBXSourcesBuildPhase section */
		CC9DE49A1C25CC3E009DA0BD /* Sources */ = {
			isa = PBXSourcesBuildPhase;
			buildActionMask = 2147483647;
			files = (
				CC9DE4F21C2735C4009DA0BD /* BodyArea.m in Sources */,
				CC9DE4F41C2735C4009DA0BD /* Set.m in Sources */,
				CC2E193B1C32EE6F00EA49AF /* NSCalendar+RSDFAdditions.m in Sources */,
				CC9DE4DC1C265CE2009DA0BD /* Exercise.m in Sources */,
				CC2E19401C32EE6F00EA49AF /* RSDFDatePickerMonthHeader.m in Sources */,
				CC9DE4F31C2735C4009DA0BD /* Set+CoreDataProperties.m in Sources */,
				CC9DE4F01C2735C4009DA0BD /* Routine.m in Sources */,
				CC2E19081C31130600EA49AF /* ExerciseDetailTableViewController.m in Sources */,
				CC2E193C1C32EE6F00EA49AF /* RSDFDatePickerCollectionView.m in Sources */,
				CC9DE4ED1C2735C4009DA0BD /* MuscleGroup+CoreDataProperties.m in Sources */,
				CC9DE4A61C25CC3E009DA0BD /* AppDelegate.m in Sources */,
				CC9DE4A31C25CC3E009DA0BD /* main.m in Sources */,
				CC9DE4AF1C25CC3E009DA0BD /* Reps.xcdatamodeld in Sources */,
				CC9DE4EF1C2735C4009DA0BD /* Routine+CoreDataProperties.m in Sources */,
				CC9DE4FA1C275CCE009DA0BD /* ExerciseTableViewController.m in Sources */,
				CC2E19411C32EE6F00EA49AF /* RSDFDatePickerView.m in Sources */,
				CC2E19281C32EA7300EA49AF /* CalendarViewController.m in Sources */,
				CC2E193E1C32EE6F00EA49AF /* RSDFDatePickerDayCell.m in Sources */,
				CC9DE4EE1C2735C4009DA0BD /* MuscleGroup.m in Sources */,
				CC2E193F1C32EE6F00EA49AF /* RSDFDatePickerDaysOfWeekView.m in Sources */,
				CC2E193D1C32EE6F00EA49AF /* RSDFDatePickerCollectionViewLayout.m in Sources */,
				CC9DE4DB1C265CE2009DA0BD /* Exercise+CoreDataProperties.m in Sources */,
				CC9DE4F11C2735C4009DA0BD /* BodyArea+CoreDataProperties.m in Sources */,
			);
			runOnlyForDeploymentPostprocessing = 0;
		};
		CC9DE4B61C25CC3E009DA0BD /* Sources */ = {
			isa = PBXSourcesBuildPhase;
			buildActionMask = 2147483647;
			files = (
				CC9DE4BF1C25CC3E009DA0BD /* RepsTests.m in Sources */,
			);
			runOnlyForDeploymentPostprocessing = 0;
		};
		CC9DE4C11C25CC3E009DA0BD /* Sources */ = {
			isa = PBXSourcesBuildPhase;
			buildActionMask = 2147483647;
			files = (
				CC9DE4CA1C25CC3E009DA0BD /* RepsUITests.m in Sources */,
			);
			runOnlyForDeploymentPostprocessing = 0;
		};
/* End PBXSourcesBuildPhase section */

/* Begin PBXTargetDependency section */
		CC9DE4BC1C25CC3E009DA0BD /* PBXTargetDependency */ = {
			isa = PBXTargetDependency;
			target = CC9DE49D1C25CC3E009DA0BD /* Reps */;
			targetProxy = CC9DE4BB1C25CC3E009DA0BD /* PBXContainerItemProxy */;
		};
		CC9DE4C71C25CC3E009DA0BD /* PBXTargetDependency */ = {
			isa = PBXTargetDependency;
			target = CC9DE49D1C25CC3E009DA0BD /* Reps */;
			targetProxy = CC9DE4C61C25CC3E009DA0BD /* PBXContainerItemProxy */;
		};
/* End PBXTargetDependency section */

/* Begin PBXVariantGroup section */
		CC9DE4AA1C25CC3E009DA0BD /* Main.storyboard */ = {
			isa = PBXVariantGroup;
			children = (
				CC9DE4AB1C25CC3E009DA0BD /* Base */,
			);
			name = Main.storyboard;
			sourceTree = "<group>";
		};
		CC9DE4B21C25CC3E009DA0BD /* LaunchScreen.storyboard */ = {
			isa = PBXVariantGroup;
			children = (
				CC9DE4B31C25CC3E009DA0BD /* Base */,
			);
			name = LaunchScreen.storyboard;
			sourceTree = "<group>";
		};
/* End PBXVariantGroup section */

/* Begin XCBuildConfiguration section */
		CC9DE4CC1C25CC3E009DA0BD /* Debug */ = {
			isa = XCBuildConfiguration;
			buildSettings = {
				ALWAYS_SEARCH_USER_PATHS = NO;
				CLANG_CXX_LANGUAGE_STANDARD = "gnu++0x";
				CLANG_CXX_LIBRARY = "libc++";
				CLANG_ENABLE_MODULES = YES;
				CLANG_ENABLE_OBJC_ARC = YES;
				CLANG_WARN_BOOL_CONVERSION = YES;
				CLANG_WARN_CONSTANT_CONVERSION = YES;
				CLANG_WARN_DIRECT_OBJC_ISA_USAGE = YES_ERROR;
				CLANG_WARN_EMPTY_BODY = YES;
				CLANG_WARN_ENUM_CONVERSION = YES;
				CLANG_WARN_INT_CONVERSION = YES;
				CLANG_WARN_OBJC_ROOT_CLASS = YES_ERROR;
				CLANG_WARN_UNREACHABLE_CODE = YES;
				CLANG_WARN__DUPLICATE_METHOD_MATCH = YES;
				CODE_SIGN_IDENTITY = "iPhone Developer: Erik Carrillo (8DKNQ3LWPZ)";
				"CODE_SIGN_IDENTITY[sdk=iphoneos*]" = "iPhone Developer: Erik Carrillo (8DKNQ3LWPZ)";
				COPY_PHASE_STRIP = NO;
				DEBUG_INFORMATION_FORMAT = dwarf;
				ENABLE_STRICT_OBJC_MSGSEND = YES;
				ENABLE_TESTABILITY = YES;
				FRAMEWORK_SEARCH_PATHS = /Users/egc/dev/ios/Reps;
				GCC_C_LANGUAGE_STANDARD = gnu99;
				GCC_DYNAMIC_NO_PIC = NO;
				GCC_NO_COMMON_BLOCKS = YES;
				GCC_OPTIMIZATION_LEVEL = 0;
				GCC_PREPROCESSOR_DEFINITIONS = (
					"DEBUG=1",
					"$(inherited)",
				);
				GCC_WARN_64_TO_32_BIT_CONVERSION = YES;
				GCC_WARN_ABOUT_RETURN_TYPE = YES_ERROR;
				GCC_WARN_UNDECLARED_SELECTOR = YES;
				GCC_WARN_UNINITIALIZED_AUTOS = YES_AGGRESSIVE;
				GCC_WARN_UNUSED_FUNCTION = YES;
				GCC_WARN_UNUSED_VARIABLE = YES;
				IPHONEOS_DEPLOYMENT_TARGET = 9.2;
				MTL_ENABLE_DEBUG_INFO = YES;
				ONLY_ACTIVE_ARCH = YES;
				SDKROOT = iphoneos;
			};
			name = Debug;
		};
		CC9DE4CD1C25CC3E009DA0BD /* Release */ = {
			isa = XCBuildConfiguration;
			buildSettings = {
				ALWAYS_SEARCH_USER_PATHS = NO;
				CLANG_CXX_LANGUAGE_STANDARD = "gnu++0x";
				CLANG_CXX_LIBRARY = "libc++";
				CLANG_ENABLE_MODULES = YES;
				CLANG_ENABLE_OBJC_ARC = YES;
				CLANG_WARN_BOOL_CONVERSION = YES;
				CLANG_WARN_CONSTANT_CONVERSION = YES;
				CLANG_WARN_DIRECT_OBJC_ISA_USAGE = YES_ERROR;
				CLANG_WARN_EMPTY_BODY = YES;
				CLANG_WARN_ENUM_CONVERSION = YES;
				CLANG_WARN_INT_CONVERSION = YES;
				CLANG_WARN_OBJC_ROOT_CLASS = YES_ERROR;
				CLANG_WARN_UNREACHABLE_CODE = YES;
				CLANG_WARN__DUPLICATE_METHOD_MATCH = YES;
				CODE_SIGN_IDENTITY = "iPhone Developer: Erik Carrillo (8DKNQ3LWPZ)";
				"CODE_SIGN_IDENTITY[sdk=iphoneos*]" = "iPhone Developer: Erik Carrillo (8DKNQ3LWPZ)";
				COPY_PHASE_STRIP = NO;
				DEBUG_INFORMATION_FORMAT = "dwarf-with-dsym";
				ENABLE_NS_ASSERTIONS = NO;
				ENABLE_STRICT_OBJC_MSGSEND = YES;
				FRAMEWORK_SEARCH_PATHS = /Users/egc/dev/ios/Reps;
				GCC_C_LANGUAGE_STANDARD = gnu99;
				GCC_NO_COMMON_BLOCKS = YES;
				GCC_WARN_64_TO_32_BIT_CONVERSION = YES;
				GCC_WARN_ABOUT_RETURN_TYPE = YES_ERROR;
				GCC_WARN_UNDECLARED_SELECTOR = YES;
				GCC_WARN_UNINITIALIZED_AUTOS = YES_AGGRESSIVE;
				GCC_WARN_UNUSED_FUNCTION = YES;
				GCC_WARN_UNUSED_VARIABLE = YES;
				IPHONEOS_DEPLOYMENT_TARGET = 9.2;
				MTL_ENABLE_DEBUG_INFO = NO;
				SDKROOT = iphoneos;
				VALIDATE_PRODUCT = YES;
			};
			name = Release;
		};
		CC9DE4CF1C25CC3E009DA0BD /* Debug */ = {
			isa = XCBuildConfiguration;
			buildSettings = {
				ASSETCATALOG_COMPILER_APPICON_NAME = AppIcon;
				CODE_SIGN_IDENTITY = "iPhone Developer";
				INFOPLIST_FILE = Reps/Info.plist;
				LD_RUNPATH_SEARCH_PATHS = "$(inherited) @executable_path/Frameworks";
				PRODUCT_BUNDLE_IDENTIFIER = net.gcarrillo.Reps;
				PRODUCT_NAME = "$(TARGET_NAME)";
				PROVISIONING_PROFILE = "";
			};
			name = Debug;
		};
		CC9DE4D01C25CC3E009DA0BD /* Release */ = {
			isa = XCBuildConfiguration;
			buildSettings = {
				ASSETCATALOG_COMPILER_APPICON_NAME = AppIcon;
				CODE_SIGN_IDENTITY = "iPhone Developer";
				INFOPLIST_FILE = Reps/Info.plist;
				LD_RUNPATH_SEARCH_PATHS = "$(inherited) @executable_path/Frameworks";
				PRODUCT_BUNDLE_IDENTIFIER = net.gcarrillo.Reps;
				PRODUCT_NAME = "$(TARGET_NAME)";
				PROVISIONING_PROFILE = "";
			};
			name = Release;
		};
		CC9DE4D21C25CC3E009DA0BD /* Debug */ = {
			isa = XCBuildConfiguration;
			buildSettings = {
				BUNDLE_LOADER = "$(TEST_HOST)";
				INFOPLIST_FILE = RepsTests/Info.plist;
				LD_RUNPATH_SEARCH_PATHS = "$(inherited) @executable_path/Frameworks @loader_path/Frameworks";
				PRODUCT_BUNDLE_IDENTIFIER = net.gcarrillo.RepsTests;
				PRODUCT_NAME = "$(TARGET_NAME)";
				TEST_HOST = "$(BUILT_PRODUCTS_DIR)/Reps.app/Reps";
			};
			name = Debug;
		};
		CC9DE4D31C25CC3E009DA0BD /* Release */ = {
			isa = XCBuildConfiguration;
			buildSettings = {
				BUNDLE_LOADER = "$(TEST_HOST)";
				INFOPLIST_FILE = RepsTests/Info.plist;
				LD_RUNPATH_SEARCH_PATHS = "$(inherited) @executable_path/Frameworks @loader_path/Frameworks";
				PRODUCT_BUNDLE_IDENTIFIER = net.gcarrillo.RepsTests;
				PRODUCT_NAME = "$(TARGET_NAME)";
				TEST_HOST = "$(BUILT_PRODUCTS_DIR)/Reps.app/Reps";
			};
			name = Release;
		};
		CC9DE4D51C25CC3E009DA0BD /* Debug */ = {
			isa = XCBuildConfiguration;
			buildSettings = {
				INFOPLIST_FILE = RepsUITests/Info.plist;
				LD_RUNPATH_SEARCH_PATHS = "$(inherited) @executable_path/Frameworks @loader_path/Frameworks";
				PRODUCT_BUNDLE_IDENTIFIER = net.gcarrillo.RepsUITests;
				PRODUCT_NAME = "$(TARGET_NAME)";
				TEST_TARGET_NAME = Reps;
				USES_XCTRUNNER = YES;
			};
			name = Debug;
		};
		CC9DE4D61C25CC3E009DA0BD /* Release */ = {
			isa = XCBuildConfiguration;
			buildSettings = {
				INFOPLIST_FILE = RepsUITests/Info.plist;
				LD_RUNPATH_SEARCH_PATHS = "$(inherited) @executable_path/Frameworks @loader_path/Frameworks";
				PRODUCT_BUNDLE_IDENTIFIER = net.gcarrillo.RepsUITests;
				PRODUCT_NAME = "$(TARGET_NAME)";
				TEST_TARGET_NAME = Reps;
				USES_XCTRUNNER = YES;
			};
			name = Release;
		};
/* End XCBuildConfiguration section */

/* Begin XCConfigurationList section */
		CC9DE4991C25CC3E009DA0BD /* Build configuration list for PBXProject "Reps" */ = {
			isa = XCConfigurationList;
			buildConfigurations = (
				CC9DE4CC1C25CC3E009DA0BD /* Debug */,
				CC9DE4CD1C25CC3E009DA0BD /* Release */,
			);
			defaultConfigurationIsVisible = 0;
			defaultConfigurationName = Release;
		};
		CC9DE4CE1C25CC3E009DA0BD /* Build configuration list for PBXNativeTarget "Reps" */ = {
			isa = XCConfigurationList;
			buildConfigurations = (
				CC9DE4CF1C25CC3E009DA0BD /* Debug */,
				CC9DE4D01C25CC3E009DA0BD /* Release */,
			);
			defaultConfigurationIsVisible = 0;
			defaultConfigurationName = Release;
		};
		CC9DE4D11C25CC3E009DA0BD /* Build configuration list for PBXNativeTarget "RepsTests" */ = {
			isa = XCConfigurationList;
			buildConfigurations = (
				CC9DE4D21C25CC3E009DA0BD /* Debug */,
				CC9DE4D31C25CC3E009DA0BD /* Release */,
			);
			defaultConfigurationIsVisible = 0;
			defaultConfigurationName = Release;
		};
		CC9DE4D41C25CC3E009DA0BD /* Build configuration list for PBXNativeTarget "RepsUITests" */ = {
			isa = XCConfigurationList;
			buildConfigurations = (
				CC9DE4D51C25CC3E009DA0BD /* Debug */,
				CC9DE4D61C25CC3E009DA0BD /* Release */,
			);
			defaultConfigurationIsVisible = 0;
			defaultConfigurationName = Release;
		};
/* End XCConfigurationList section */

/* Begin XCVersionGroup section */
		CC9DE4AD1C25CC3E009DA0BD /* Reps.xcdatamodeld */ = {
			isa = XCVersionGroup;
			children = (
				CC9DE4AE1C25CC3E009DA0BD /* Reps.xcdatamodel */,
			);
			currentVersion = CC9DE4AE1C25CC3E009DA0BD /* Reps.xcdatamodel */;
			path = Reps.xcdatamodeld;
			sourceTree = "<group>";
			versionGroupType = wrapper.xcdatamodel;
		};
/* End XCVersionGroup section */
	};
	rootObject = CC9DE4961C25CC3E009DA0BD /* Project object */;
}
